
Microsoft Visual Studio Solution File, Format Version 12.00
# Visual Studio Version 17
VisualStudioVersion = 17.9.34723.18
MinimumVisualStudioVersion = 10.0.40219.1
Project("{FAE04EC0-301F-11D3-BF4B-00C04F79EFBC}") = "ComicBookGalleryR", "ComicBookGalleryR\ComicBookGalleryR.csproj", "{DE582344-5878-4077-8F08-0DA61F4B198D}"
EndProject
Global
	GlobalSection(SolutionConfigurationPlatforms) = preSolution
		Debug|Any CPU = Debug|Any CPU
		Release|Any CPU = Release|Any CPU
	EndGlobalSection
	GlobalSection(ProjectConfigurationPlatforms) = postSolution
		{DE582344-5878-4077-8F08-0DA61F4B198D}.Debug|Any CPU.ActiveCfg = Debug|Any CPU
		{DE582344-5878-4077-8F08-0DA61F4B198D}.Debug|Any CPU.Build.0 = Debug|Any CPU
		{DE582344-5878-4077-8F08-0DA61F4B198D}.Release|Any CPU.ActiveCfg = Release|Any CPU
		{DE582344-5878-4077-8F08-0DA61F4B198D}.Release|Any CPU.Build.0 = Release|Any CPU
	EndGlobalSection
	GlobalSection(SolutionProperties) = preSolution
		HideSolutionNode = FALSE
	EndGlobalSection
	GlobalSection(ExtensibilityGlobals) = postSolution
		SolutionGuid = {83F78E59-2417-4DFD-8316-78BD53C2A7F5}
	EndGlobalSection
EndGlobal
